
Microsoft Visual Studio Solution File, Format Version 12.00
# Visual Studio Version 17
VisualStudioVersion = 17.0.31903.59
MinimumVisualStudioVersion = 10.0.40219.1
Project("{9A19103F-16F7-4668-BE54-9A1E7A4F7556}") = "UnitTest", "Test\UnitTest\UnitTest.csproj", "{CDACACBE-820C-43DD-A958-94AC3C922CAC}"
EndProject
Project("{9A19103F-16F7-4668-BE54-9A1E7A4F7556}") = "SampleHost", "SampleHost\SampleHost.csproj", "{497F1294-30CA-4E1C-BC0C-3502C1C10291}"
EndProject
Project("{FAE04EC0-301F-11D3-BF4B-00C04F79EFBC}") = "CMS.WebApi", "CMSApi\CMS.WebApi.csproj", "{CFEC6E06-AC5A-4723-B4CA-55F245BDD976}"
EndProject
Project("{FAE04EC0-301F-11D3-BF4B-00C04F79EFBC}") = "Infrastructure", "Infrastructure\Infrastructure.csproj", "{0D5CB91E-3B86-464F-A82E-284A6DCBBEF8}"
EndProject
Project("{2150E333-8FDC-42A3-9474-1A3956D46DE8}") = "ApiGenerator", "ApiGenerator", "{02EA681E-C7D8-13C7-8484-4AC65E1B71E8}"
EndProject
Project("{2150E333-8FDC-42A3-9474-1A3956D46DE8}") = "Modules", "Modules", "{EE7E8CC3-7A98-4291-9F23-0DEF362B3C0C}"
EndProject
Project("{FAE04EC0-301F-11D3-BF4B-00C04F79EFBC}") = "CMS.Client", "CMSClient\CMS.Client.csproj", "{8218C084-A240-4CA0-AAF0-632EEF1DCCDE}"
EndProject
Project("{FAE04EC0-301F-11D3-BF4B-00C04F79EFBC}") = "CerbiSharp.Tools.WebApiGenerator", "Modules\WebApiGenerator\CerbiSharp.Tools.WebApiGenerator.csproj", "{1886F1F8-F374-5A85-5CF5-BB21EF00F706}"
EndProject
Project("{FAE04EC0-301F-11D3-BF4B-00C04F79EFBC}") = "CMS.Domain", "CMS.Domain\CMS.Domain.csproj", "{B1E770F3-826C-4A0A-BAC3-3F03B90F84CA}"
EndProject
Project("{FAE04EC0-301F-11D3-BF4B-00C04F79EFBC}") = "SharedKernel", "SharedKernel\SharedKernel.csproj", "{90C06E04-3853-4542-BFE4-C5D06D2892A2}"
EndProject
Project("{FAE04EC0-301F-11D3-BF4B-00C04F79EFBC}") = "CMS.Application", "CMS.Application\CMS.Application.csproj", "{B5F8B3AD-8BAB-45B8-87E7-F1EF0C5F8977}"
EndProject
Project("{FAE04EC0-301F-11D3-BF4B-00C04F79EFBC}") = "CMS.Persistence", "External\CMS.Persistence\CMS.Persistence.csproj", "{51E88EBC-3E17-4E55-9F30-ABC9A4B68B71}"
EndProject
Project("{FAE04EC0-301F-11D3-BF4B-00C04F79EFBC}") = "CMS.Presentation", "External\CMS.Presentation\CMS.Presentation.csproj", "{167B55F6-03E4-484A-9FBC-6FD4BE7D9AA4}"
EndProject
Global
	GlobalSection(SolutionConfigurationPlatforms) = preSolution
		Debug|Any CPU = Debug|Any CPU
		Release|Any CPU = Release|Any CPU
	EndGlobalSection
	GlobalSection(ProjectConfigurationPlatforms) = postSolution
		{CDACACBE-820C-43DD-A958-94AC3C922CAC}.Debug|Any CPU.ActiveCfg = Debug|Any CPU
		{CDACACBE-820C-43DD-A958-94AC3C922CAC}.Debug|Any CPU.Build.0 = Debug|Any CPU
		{CDACACBE-820C-43DD-A958-94AC3C922CAC}.Release|Any CPU.ActiveCfg = Release|Any CPU
		{CDACACBE-820C-43DD-A958-94AC3C922CAC}.Release|Any CPU.Build.0 = Release|Any CPU
		{497F1294-30CA-4E1C-BC0C-3502C1C10291}.Debug|Any CPU.ActiveCfg = Debug|Any CPU
		{497F1294-30CA-4E1C-BC0C-3502C1C10291}.Debug|Any CPU.Build.0 = Debug|Any CPU
		{497F1294-30CA-4E1C-BC0C-3502C1C10291}.Release|Any CPU.ActiveCfg = Release|Any CPU
		{497F1294-30CA-4E1C-BC0C-3502C1C10291}.Release|Any CPU.Build.0 = Release|Any CPU
		{CFEC6E06-AC5A-4723-B4CA-55F245BDD976}.Debug|Any CPU.ActiveCfg = Debug|Any CPU
		{CFEC6E06-AC5A-4723-B4CA-55F245BDD976}.Debug|Any CPU.Build.0 = Debug|Any CPU
		{CFEC6E06-AC5A-4723-B4CA-55F245BDD976}.Release|Any CPU.ActiveCfg = Release|Any CPU
		{CFEC6E06-AC5A-4723-B4CA-55F245BDD976}.Release|Any CPU.Build.0 = Release|Any CPU
		{0D5CB91E-3B86-464F-A82E-284A6DCBBEF8}.Debug|Any CPU.ActiveCfg = Debug|Any CPU
		{0D5CB91E-3B86-464F-A82E-284A6DCBBEF8}.Debug|Any CPU.Build.0 = Debug|Any CPU
		{0D5CB91E-3B86-464F-A82E-284A6DCBBEF8}.Release|Any CPU.ActiveCfg = Release|Any CPU
		{0D5CB91E-3B86-464F-A82E-284A6DCBBEF8}.Release|Any CPU.Build.0 = Release|Any CPU
		{8218C084-A240-4CA0-AAF0-632EEF1DCCDE}.Debug|Any CPU.ActiveCfg = Debug|Any CPU
		{8218C084-A240-4CA0-AAF0-632EEF1DCCDE}.Debug|Any CPU.Build.0 = Debug|Any CPU
		{8218C084-A240-4CA0-AAF0-632EEF1DCCDE}.Release|Any CPU.ActiveCfg = Release|Any CPU
		{8218C084-A240-4CA0-AAF0-632EEF1DCCDE}.Release|Any CPU.Build.0 = Release|Any CPU
		{1886F1F8-F374-5A85-5CF5-BB21EF00F706}.Debug|Any CPU.ActiveCfg = Debug|Any CPU
		{1886F1F8-F374-5A85-5CF5-BB21EF00F706}.Debug|Any CPU.Build.0 = Debug|Any CPU
		{1886F1F8-F374-5A85-5CF5-BB21EF00F706}.Release|Any CPU.ActiveCfg = Release|Any CPU
		{1886F1F8-F374-5A85-5CF5-BB21EF00F706}.Release|Any CPU.Build.0 = Release|Any CPU
		{B1E770F3-826C-4A0A-BAC3-3F03B90F84CA}.Debug|Any CPU.ActiveCfg = Debug|Any CPU
		{B1E770F3-826C-4A0A-BAC3-3F03B90F84CA}.Debug|Any CPU.Build.0 = Debug|Any CPU
		{B1E770F3-826C-4A0A-BAC3-3F03B90F84CA}.Release|Any CPU.ActiveCfg = Release|Any CPU
		{B1E770F3-826C-4A0A-BAC3-3F03B90F84CA}.Release|Any CPU.Build.0 = Release|Any CPU
		{90C06E04-3853-4542-BFE4-C5D06D2892A2}.Debug|Any CPU.ActiveCfg = Debug|Any CPU
		{90C06E04-3853-4542-BFE4-C5D06D2892A2}.Debug|Any CPU.Build.0 = Debug|Any CPU
		{90C06E04-3853-4542-BFE4-C5D06D2892A2}.Release|Any CPU.ActiveCfg = Release|Any CPU
		{90C06E04-3853-4542-BFE4-C5D06D2892A2}.Release|Any CPU.Build.0 = Release|Any CPU
		{B5F8B3AD-8BAB-45B8-87E7-F1EF0C5F8977}.Debug|Any CPU.ActiveCfg = Debug|Any CPU
		{B5F8B3AD-8BAB-45B8-87E7-F1EF0C5F8977}.Debug|Any CPU.Build.0 = Debug|Any CPU
		{B5F8B3AD-8BAB-45B8-87E7-F1EF0C5F8977}.Release|Any CPU.ActiveCfg = Release|Any CPU
		{B5F8B3AD-8BAB-45B8-87E7-F1EF0C5F8977}.Release|Any CPU.Build.0 = Release|Any CPU
		{51E88EBC-3E17-4E55-9F30-ABC9A4B68B71}.Debug|Any CPU.ActiveCfg = Debug|Any CPU
		{51E88EBC-3E17-4E55-9F30-ABC9A4B68B71}.Debug|Any CPU.Build.0 = Debug|Any CPU
		{51E88EBC-3E17-4E55-9F30-ABC9A4B68B71}.Release|Any CPU.ActiveCfg = Release|Any CPU
		{51E88EBC-3E17-4E55-9F30-ABC9A4B68B71}.Release|Any CPU.Build.0 = Release|Any CPU
		{167B55F6-03E4-484A-9FBC-6FD4BE7D9AA4}.Debug|Any CPU.ActiveCfg = Debug|Any CPU
		{167B55F6-03E4-484A-9FBC-6FD4BE7D9AA4}.Debug|Any CPU.Build.0 = Debug|Any CPU
		{167B55F6-03E4-484A-9FBC-6FD4BE7D9AA4}.Release|Any CPU.ActiveCfg = Release|Any CPU
		{167B55F6-03E4-484A-9FBC-6FD4BE7D9AA4}.Release|Any CPU.Build.0 = Release|Any CPU
	EndGlobalSection
	GlobalSection(SolutionProperties) = preSolution
		HideSolutionNode = FALSE
	EndGlobalSection
	GlobalSection(NestedProjects) = preSolution
		{02EA681E-C7D8-13C7-8484-4AC65E1B71E8} = {EE7E8CC3-7A98-4291-9F23-0DEF362B3C0C}
		{1886F1F8-F374-5A85-5CF5-BB21EF00F706} = {02EA681E-C7D8-13C7-8484-4AC65E1B71E8}
	EndGlobalSection
	GlobalSection(ExtensibilityGlobals) = postSolution
		SolutionGuid = {757C0447-72B2-46AA-A9D8-53BA4B3D27CA}
	EndGlobalSection
EndGlobal
