
Microsoft Visual Studio Solution File, Format Version 12.00
# Visual Studio Version 17
VisualStudioVersion = 17.0.31903.59
MinimumVisualStudioVersion = 10.0.40219.1
Project("{9A19103F-16F7-4668-BE54-9A1E7A4F7556}") = "UnitTest", "Test\UnitTest\UnitTest.csproj", "{CDACACBE-820C-43DD-A958-94AC3C922CAC}"
EndProject
Project("{9A19103F-16F7-4668-BE54-9A1E7A4F7556}") = "SampleHost", "SampleHost\SampleHost.csproj", "{497F1294-30CA-4E1C-BC0C-3502C1C10291}"
EndProject
Project("{2150E333-8FDC-42A3-9474-1A3956D46DE8}") = "ApiGenerator", "ApiGenerator", "{02EA681E-C7D8-13C7-8484-4AC65E1B71E8}"
EndProject
Project("{2150E333-8FDC-42A3-9474-1A3956D46DE8}") = "Modules", "Modules", "{EE7E8CC3-7A98-4291-9F23-0DEF362B3C0C}"
EndProject
Project("{FAE04EC0-301F-11D3-BF4B-00C04F79EFBC}") = "CerbiSharp.Tools.WebApiGenerator", "Modules\WebApiGenerator\CerbiSharp.Tools.WebApiGenerator.csproj", "{1886F1F8-F374-5A85-5CF5-BB21EF00F706}"
EndProject
Project("{FAE04EC0-301F-11D3-BF4B-00C04F79EFBC}") = "CMS.Persistence", "External\CMS.Persistence\CMS.Persistence.csproj", "{51E88EBC-3E17-4E55-9F30-ABC9A4B68B71}"
EndProject
Project("{FAE04EC0-301F-11D3-BF4B-00C04F79EFBC}") = "CMS.Presentation", "External\CMS.Presentation\CMS.Presentation.csproj", "{167B55F6-03E4-484A-9FBC-6FD4BE7D9AA4}"
EndProject
Project("{2150E333-8FDC-42A3-9474-1A3956D46DE8}") = "Core", "Core", "{5D9E8479-8C26-40D1-A31D-0C8DD978E2CD}"
EndProject
Project("{2150E333-8FDC-42A3-9474-1A3956D46DE8}") = "External", "External", "{CEF46313-EBCD-485E-8BE3-F511B3F63FF1}"
EndProject
Project("{2150E333-8FDC-42A3-9474-1A3956D46DE8}") = "Test", "Test", "{6646EDE1-0B91-4412-969A-CA182A6C2D7F}"
EndProject
Project("{FAE04EC0-301F-11D3-BF4B-00C04F79EFBC}") = "CMS.WebApi", "External\CMS.WebApi\CMS.WebApi.csproj", "{38B6A2EC-A739-BED3-132C-12AEA45E32C8}"
EndProject
Project("{FAE04EC0-301F-11D3-BF4B-00C04F79EFBC}") = "CMS.Domain", "Core\CMS.Domain\CMS.Domain.csproj", "{A5839571-9D2D-D26A-A1BB-39F4DA255454}"
EndProject
Project("{FAE04EC0-301F-11D3-BF4B-00C04F79EFBC}") = "CMS.Application", "Core\CMS.Application\CMS.Application.csproj", "{C391EC1D-D3F9-4E15-76F6-023FC4CF79F1}"
EndProject
Project("{FAE04EC0-301F-11D3-BF4B-00C04F79EFBC}") = "SharedKernel", "Core\SharedKernel\SharedKernel.csproj", "{0459A036-4C86-3FED-7E12-AAD9AB12627C}"
EndProject
Project("{FAE04EC0-301F-11D3-BF4B-00C04F79EFBC}") = "CMS.Client", "External\CMS.Client\CMS.Client.csproj", "{4FCD3661-53DC-6923-1C9A-BAEE139141A6}"
EndProject
Project("{FAE04EC0-301F-11D3-BF4B-00C04F79EFBC}") = "CMS.Infrastructure", "External\CMS.Infrastructure\CMS.Infrastructure.csproj", "{0CBB7FDB-B72B-4C43-77C7-FEA246E707EE}"
EndProject
Global
	GlobalSection(SolutionConfigurationPlatforms) = preSolution
		Debug|Any CPU = Debug|Any CPU
		Release|Any CPU = Release|Any CPU
	EndGlobalSection
	GlobalSection(ProjectConfigurationPlatforms) = postSolution
		{CDACACBE-820C-43DD-A958-94AC3C922CAC}.Debug|Any CPU.ActiveCfg = Debug|Any CPU
		{CDACACBE-820C-43DD-A958-94AC3C922CAC}.Debug|Any CPU.Build.0 = Debug|Any CPU
		{CDACACBE-820C-43DD-A958-94AC3C922CAC}.Release|Any CPU.ActiveCfg = Release|Any CPU
		{CDACACBE-820C-43DD-A958-94AC3C922CAC}.Release|Any CPU.Build.0 = Release|Any CPU
		{497F1294-30CA-4E1C-BC0C-3502C1C10291}.Debug|Any CPU.ActiveCfg = Debug|Any CPU
		{497F1294-30CA-4E1C-BC0C-3502C1C10291}.Debug|Any CPU.Build.0 = Debug|Any CPU
		{497F1294-30CA-4E1C-BC0C-3502C1C10291}.Release|Any CPU.ActiveCfg = Release|Any CPU
		{497F1294-30CA-4E1C-BC0C-3502C1C10291}.Release|Any CPU.Build.0 = Release|Any CPU
		{1886F1F8-F374-5A85-5CF5-BB21EF00F706}.Debug|Any CPU.ActiveCfg = Debug|Any CPU
		{1886F1F8-F374-5A85-5CF5-BB21EF00F706}.Debug|Any CPU.Build.0 = Debug|Any CPU
		{1886F1F8-F374-5A85-5CF5-BB21EF00F706}.Release|Any CPU.ActiveCfg = Release|Any CPU
		{1886F1F8-F374-5A85-5CF5-BB21EF00F706}.Release|Any CPU.Build.0 = Release|Any CPU
		{51E88EBC-3E17-4E55-9F30-ABC9A4B68B71}.Debug|Any CPU.ActiveCfg = Debug|Any CPU
		{51E88EBC-3E17-4E55-9F30-ABC9A4B68B71}.Debug|Any CPU.Build.0 = Debug|Any CPU
		{51E88EBC-3E17-4E55-9F30-ABC9A4B68B71}.Release|Any CPU.ActiveCfg = Release|Any CPU
		{51E88EBC-3E17-4E55-9F30-ABC9A4B68B71}.Release|Any CPU.Build.0 = Release|Any CPU
		{167B55F6-03E4-484A-9FBC-6FD4BE7D9AA4}.Debug|Any CPU.ActiveCfg = Debug|Any CPU
		{167B55F6-03E4-484A-9FBC-6FD4BE7D9AA4}.Debug|Any CPU.Build.0 = Debug|Any CPU
		{167B55F6-03E4-484A-9FBC-6FD4BE7D9AA4}.Release|Any CPU.ActiveCfg = Release|Any CPU
		{167B55F6-03E4-484A-9FBC-6FD4BE7D9AA4}.Release|Any CPU.Build.0 = Release|Any CPU
		{38B6A2EC-A739-BED3-132C-12AEA45E32C8}.Debug|Any CPU.ActiveCfg = Debug|Any CPU
		{38B6A2EC-A739-BED3-132C-12AEA45E32C8}.Debug|Any CPU.Build.0 = Debug|Any CPU
		{38B6A2EC-A739-BED3-132C-12AEA45E32C8}.Release|Any CPU.ActiveCfg = Release|Any CPU
		{38B6A2EC-A739-BED3-132C-12AEA45E32C8}.Release|Any CPU.Build.0 = Release|Any CPU
		{A5839571-9D2D-D26A-A1BB-39F4DA255454}.Debug|Any CPU.ActiveCfg = Debug|Any CPU
		{A5839571-9D2D-D26A-A1BB-39F4DA255454}.Debug|Any CPU.Build.0 = Debug|Any CPU
		{A5839571-9D2D-D26A-A1BB-39F4DA255454}.Release|Any CPU.ActiveCfg = Release|Any CPU
		{A5839571-9D2D-D26A-A1BB-39F4DA255454}.Release|Any CPU.Build.0 = Release|Any CPU
		{C391EC1D-D3F9-4E15-76F6-023FC4CF79F1}.Debug|Any CPU.ActiveCfg = Debug|Any CPU
		{C391EC1D-D3F9-4E15-76F6-023FC4CF79F1}.Debug|Any CPU.Build.0 = Debug|Any CPU
		{C391EC1D-D3F9-4E15-76F6-023FC4CF79F1}.Release|Any CPU.ActiveCfg = Release|Any CPU
		{C391EC1D-D3F9-4E15-76F6-023FC4CF79F1}.Release|Any CPU.Build.0 = Release|Any CPU
		{0459A036-4C86-3FED-7E12-AAD9AB12627C}.Debug|Any CPU.ActiveCfg = Debug|Any CPU
		{0459A036-4C86-3FED-7E12-AAD9AB12627C}.Debug|Any CPU.Build.0 = Debug|Any CPU
		{0459A036-4C86-3FED-7E12-AAD9AB12627C}.Release|Any CPU.ActiveCfg = Release|Any CPU
		{0459A036-4C86-3FED-7E12-AAD9AB12627C}.Release|Any CPU.Build.0 = Release|Any CPU
		{4FCD3661-53DC-6923-1C9A-BAEE139141A6}.Debug|Any CPU.ActiveCfg = Debug|Any CPU
		{4FCD3661-53DC-6923-1C9A-BAEE139141A6}.Debug|Any CPU.Build.0 = Debug|Any CPU
		{4FCD3661-53DC-6923-1C9A-BAEE139141A6}.Release|Any CPU.ActiveCfg = Release|Any CPU
		{4FCD3661-53DC-6923-1C9A-BAEE139141A6}.Release|Any CPU.Build.0 = Release|Any CPU
		{0CBB7FDB-B72B-4C43-77C7-FEA246E707EE}.Debug|Any CPU.ActiveCfg = Debug|Any CPU
		{0CBB7FDB-B72B-4C43-77C7-FEA246E707EE}.Debug|Any CPU.Build.0 = Debug|Any CPU
		{0CBB7FDB-B72B-4C43-77C7-FEA246E707EE}.Release|Any CPU.ActiveCfg = Release|Any CPU
		{0CBB7FDB-B72B-4C43-77C7-FEA246E707EE}.Release|Any CPU.Build.0 = Release|Any CPU
	EndGlobalSection
	GlobalSection(SolutionProperties) = preSolution
		HideSolutionNode = FALSE
	EndGlobalSection
	GlobalSection(NestedProjects) = preSolution
		{CDACACBE-820C-43DD-A958-94AC3C922CAC} = {6646EDE1-0B91-4412-969A-CA182A6C2D7F}
		{02EA681E-C7D8-13C7-8484-4AC65E1B71E8} = {EE7E8CC3-7A98-4291-9F23-0DEF362B3C0C}
		{1886F1F8-F374-5A85-5CF5-BB21EF00F706} = {02EA681E-C7D8-13C7-8484-4AC65E1B71E8}
		{51E88EBC-3E17-4E55-9F30-ABC9A4B68B71} = {CEF46313-EBCD-485E-8BE3-F511B3F63FF1}
		{167B55F6-03E4-484A-9FBC-6FD4BE7D9AA4} = {CEF46313-EBCD-485E-8BE3-F511B3F63FF1}
		{38B6A2EC-A739-BED3-132C-12AEA45E32C8} = {CEF46313-EBCD-485E-8BE3-F511B3F63FF1}
		{A5839571-9D2D-D26A-A1BB-39F4DA255454} = {5D9E8479-8C26-40D1-A31D-0C8DD978E2CD}
		{C391EC1D-D3F9-4E15-76F6-023FC4CF79F1} = {5D9E8479-8C26-40D1-A31D-0C8DD978E2CD}
		{0459A036-4C86-3FED-7E12-AAD9AB12627C} = {5D9E8479-8C26-40D1-A31D-0C8DD978E2CD}
		{4FCD3661-53DC-6923-1C9A-BAEE139141A6} = {CEF46313-EBCD-485E-8BE3-F511B3F63FF1}
		{0CBB7FDB-B72B-4C43-77C7-FEA246E707EE} = {CEF46313-EBCD-485E-8BE3-F511B3F63FF1}
	EndGlobalSection
	GlobalSection(ExtensibilityGlobals) = postSolution
		SolutionGuid = {757C0447-72B2-46AA-A9D8-53BA4B3D27CA}
	EndGlobalSection
EndGlobal
